# This file is autogenerated, do not edit; changes may be undone by the next 'dep ensure'.


[[projects]]
  branch = "master"
  name = "github.com/Wessie/appdirs"
  packages = ["."]
  revision = "6573e894f8e294cbae0c4e45c25ff9f2e2918a4e"

[[projects]]
  branch = "master"
  name = "github.com/flopp/go-coordsparser"
  packages = ["."]
  revision = "845bca739e263e1cd38de25024a47b4d6acbfc1f"

[[projects]]
  branch = "master"
  name = "github.com/flopp/go-staticmaps"
  packages = ["."]
  revision = "320790ed53294a789e715b3d0d5da8110efea1a2"

[[projects]]
  name = "github.com/fogleman/gg"
  packages = ["."]
  revision = "6166aa3c1afaee416f384645a81636267aee6d25"
  version = "v1.0.0"

[[projects]]
  branch = "master"
  name = "github.com/golang/freetype"
  packages = [
    "raster",
    "truetype"
  ]
  revision = "e2365dfdc4a05e4b8299a783240d4a7d5a65d4e4"

[[projects]]
  branch = "master"
  name = "github.com/golang/geo"
  packages = [
    "r1",
    "r2",
    "r3",
    "s1",
    "s2"
  ]
  revision = "e41ca803f92c4c1770133cfa5b4fc8249a7dbe82"

[[projects]]
  branch = "master"
  name = "github.com/tkrajina/gpxgo"
  packages = ["gpx"]
  revision = "7848cf26f5a58b4a4e23b89a4b67cfc3d52dd042"

[[projects]]
  branch = "master"
  name = "golang.org/x/image"
  packages = [
    "font",
    "font/basicfont",
    "font/plan9font",
    "math/fixed"
  ]
  revision = "f315e440302883054d0c2bd85486878cb4f8572c"

[solve-meta]
  analyzer-name = "dep"
  analyzer-version = 1
  inputs-digest = "cbc838f8bac9c1349b9160a80899e9d045317222983ec646f49c1dccfb417c94"
  solver-name = "gps-cdcl"
  solver-version = 1
